// !$*UTF8*$!
{
	archiveVersion = 1;
	classes = {
	};
	objectVersion = 46;
	objects = {

/* Begin PBXBuildFile section */
		B10C7B151BE1B66100E3EDCE /* audioplayer_paused.png in Resources */ = {isa = PBXBuildFile; fileRef = B10C7B141BE1B66100E3EDCE /* audioplayer_paused.png */; };
		B10C7B171BE1B66500E3EDCE /* audioplayer_play.png in Resources */ = {isa = PBXBuildFile; fileRef = B10C7B161BE1B66500E3EDCE /* audioplayer_play.png */; };
		B10C7B1E1BE1CFF300E3EDCE /* headsDown.png in Resources */ = {isa = PBXBuildFile; fileRef = B10C7B181BE1CFF300E3EDCE /* headsDown.png */; };
		B10C7B1F1BE1CFF300E3EDCE /* onFire.png in Resources */ = {isa = PBXBuildFile; fileRef = B10C7B191BE1CFF300E3EDCE /* onFire.png */; };
		B10C7B201BE1CFF300E3EDCE /* victory.png in Resources */ = {isa = PBXBuildFile; fileRef = B10C7B1A1BE1CFF300E3EDCE /* victory.png */; };
		B10C7B211BE1CFF300E3EDCE /* lightRed.png in Resources */ = {isa = PBXBuildFile; fileRef = B10C7B1B1BE1CFF300E3EDCE /* lightRed.png */; };
		B10C7B221BE1CFF300E3EDCE /* lightGreen.png in Resources */ = {isa = PBXBuildFile; fileRef = B10C7B1C1BE1CFF300E3EDCE /* lightGreen.png */; };
		B10C7B231BE1CFF300E3EDCE /* lightYellow.png in Resources */ = {isa = PBXBuildFile; fileRef = B10C7B1D1BE1CFF300E3EDCE /* lightYellow.png */; };
		B10C7B431BE1D18F00E3EDCE /* 01 AM.mp3 in Resources */ = {isa = PBXBuildFile; fileRef = B10C7B281BE1D18F00E3EDCE /* 01 AM.mp3 */; };
		B10C7B441BE1D18F00E3EDCE /* 02 AM.mp3 in Resources */ = {isa = PBXBuildFile; fileRef = B10C7B291BE1D18F00E3EDCE /* 02 AM.mp3 */; };
		B10C7B451BE1D18F00E3EDCE /* 03 AM.mp3 in Resources */ = {isa = PBXBuildFile; fileRef = B10C7B2A1BE1D18F00E3EDCE /* 03 AM.mp3 */; };
		B10C7B461BE1D18F00E3EDCE /* 04 AM.mp3 in Resources */ = {isa = PBXBuildFile; fileRef = B10C7B2B1BE1D18F00E3EDCE /* 04 AM.mp3 */; };
		B10C7B471BE1D18F00E3EDCE /* 05 AM.mp3 in Resources */ = {isa = PBXBuildFile; fileRef = B10C7B2C1BE1D18F00E3EDCE /* 05 AM.mp3 */; };
		B10C7B481BE1D18F00E3EDCE /* 06 AM.mp3 in Resources */ = {isa = PBXBuildFile; fileRef = B10C7B2D1BE1D18F00E3EDCE /* 06 AM.mp3 */; };
		B10C7B491BE1D18F00E3EDCE /* 07 AM.mp3 in Resources */ = {isa = PBXBuildFile; fileRef = B10C7B2E1BE1D18F00E3EDCE /* 07 AM.mp3 */; };
		B10C7B4A1BE1D18F00E3EDCE /* 08 AM.mp3 in Resources */ = {isa = PBXBuildFile; fileRef = B10C7B2F1BE1D18F00E3EDCE /* 08 AM.mp3 */; };
		B10C7B4B1BE1D18F00E3EDCE /* 09 AM.mp3 in Resources */ = {isa = PBXBuildFile; fileRef = B10C7B301BE1D18F00E3EDCE /* 09 AM.mp3 */; };
		B10C7B4C1BE1D18F00E3EDCE /* 10 AM.mp3 in Resources */ = {isa = PBXBuildFile; fileRef = B10C7B311BE1D18F00E3EDCE /* 10 AM.mp3 */; };
		B10C7B4D1BE1D18F00E3EDCE /* 11 AM.mp3 in Resources */ = {isa = PBXBuildFile; fileRef = B10C7B321BE1D18F00E3EDCE /* 11 AM.mp3 */; };
		B10C7B4E1BE1D18F00E3EDCE /* 12 AM.mp3 in Resources */ = {isa = PBXBuildFile; fileRef = B10C7B331BE1D18F00E3EDCE /* 12 AM.mp3 */; };
		B10C7B4F1BE1D18F00E3EDCE /* 01 PM.mp3 in Resources */ = {isa = PBXBuildFile; fileRef = B10C7B341BE1D18F00E3EDCE /* 01 PM.mp3 */; };
		B10C7B501BE1D18F00E3EDCE /* 02 PM.mp3 in Resources */ = {isa = PBXBuildFile; fileRef = B10C7B351BE1D18F00E3EDCE /* 02 PM.mp3 */; };
		B10C7B511BE1D18F00E3EDCE /* 03 PM.mp3 in Resources */ = {isa = PBXBuildFile; fileRef = B10C7B361BE1D18F00E3EDCE /* 03 PM.mp3 */; };
		B10C7B521BE1D18F00E3EDCE /* 04 PM.mp3 in Resources */ = {isa = PBXBuildFile; fileRef = B10C7B371BE1D18F00E3EDCE /* 04 PM.mp3 */; };
		B10C7B531BE1D18F00E3EDCE /* 05 PM.mp3 in Resources */ = {isa = PBXBuildFile; fileRef = B10C7B381BE1D18F00E3EDCE /* 05 PM.mp3 */; };
		B10C7B541BE1D18F00E3EDCE /* 06 PM.mp3 in Resources */ = {isa = PBXBuildFile; fileRef = B10C7B391BE1D18F00E3EDCE /* 06 PM.mp3 */; };
		B10C7B551BE1D18F00E3EDCE /* 07 PM.mp3 in Resources */ = {isa = PBXBuildFile; fileRef = B10C7B3A1BE1D18F00E3EDCE /* 07 PM.mp3 */; };
		B10C7B561BE1D18F00E3EDCE /* 08 PM.mp3 in Resources */ = {isa = PBXBuildFile; fileRef = B10C7B3B1BE1D18F00E3EDCE /* 08 PM.mp3 */; };
		B10C7B571BE1D18F00E3EDCE /* 09 PM.mp3 in Resources */ = {isa = PBXBuildFile; fileRef = B10C7B3C1BE1D18F00E3EDCE /* 09 PM.mp3 */; };
		B10C7B581BE1D18F00E3EDCE /* 10 PM.mp3 in Resources */ = {isa = PBXBuildFile; fileRef = B10C7B3D1BE1D18F00E3EDCE /* 10 PM.mp3 */; };
		B10C7B591BE1D18F00E3EDCE /* 11 PM.mp3 in Resources */ = {isa = PBXBuildFile; fileRef = B10C7B3E1BE1D18F00E3EDCE /* 11 PM.mp3 */; };
		B10C7B5A1BE1D18F00E3EDCE /* 12 PM.mp3 in Resources */ = {isa = PBXBuildFile; fileRef = B10C7B3F1BE1D18F00E3EDCE /* 12 PM.mp3 */; };
		B13B170E1C042CF800FBAC28 /* 01 AM - Rainy.mp3 in Resources */ = {isa = PBXBuildFile; fileRef = B13B16F61C042CF800FBAC28 /* 01 AM - Rainy.mp3 */; };
		B13B170F1C042CF800FBAC28 /* 01 PM - Rainy.mp3 in Resources */ = {isa = PBXBuildFile; fileRef = B13B16F71C042CF800FBAC28 /* 01 PM - Rainy.mp3 */; };
		B13B17101C042CF800FBAC28 /* 02 AM - Rainy.mp3 in Resources */ = {isa = PBXBuildFile; fileRef = B13B16F81C042CF800FBAC28 /* 02 AM - Rainy.mp3 */; };
		B13B17111C042CF800FBAC28 /* 02 PM - Rainy.mp3 in Resources */ = {isa = PBXBuildFile; fileRef = B13B16F91C042CF800FBAC28 /* 02 PM - Rainy.mp3 */; };
		B13B17121C042CF800FBAC28 /* 03 AM - Rainy.mp3 in Resources */ = {isa = PBXBuildFile; fileRef = B13B16FA1C042CF800FBAC28 /* 03 AM - Rainy.mp3 */; };
		B13B17131C042CF800FBAC28 /* 03 PM - Rainy.mp3 in Resources */ = {isa = PBXBuildFile; fileRef = B13B16FB1C042CF800FBAC28 /* 03 PM - Rainy.mp3 */; };
		B13B17141C042CF800FBAC28 /* 04 AM - Rainy.mp3 in Resources */ = {isa = PBXBuildFile; fileRef = B13B16FC1C042CF800FBAC28 /* 04 AM - Rainy.mp3 */; };
		B13B17151C042CF800FBAC28 /* 04 PM - Rainy.mp3 in Resources */ = {isa = PBXBuildFile; fileRef = B13B16FD1C042CF800FBAC28 /* 04 PM - Rainy.mp3 */; };
		B13B17161C042CF800FBAC28 /* 05 AM - Rainy.mp3 in Resources */ = {isa = PBXBuildFile; fileRef = B13B16FE1C042CF800FBAC28 /* 05 AM - Rainy.mp3 */; };
		B13B17171C042CF800FBAC28 /* 05 PM - Rainy.mp3 in Resources */ = {isa = PBXBuildFile; fileRef = B13B16FF1C042CF800FBAC28 /* 05 PM - Rainy.mp3 */; };
		B13B17181C042CF800FBAC28 /* 06 AM - Rainy.mp3 in Resources */ = {isa = PBXBuildFile; fileRef = B13B17001C042CF800FBAC28 /* 06 AM - Rainy.mp3 */; };
		B13B17191C042CF800FBAC28 /* 06 PM - Rainy.mp3 in Resources */ = {isa = PBXBuildFile; fileRef = B13B17011C042CF800FBAC28 /* 06 PM - Rainy.mp3 */; };
		B13B171A1C042CF800FBAC28 /* 07 AM - Rainy.mp3 in Resources */ = {isa = PBXBuildFile; fileRef = B13B17021C042CF800FBAC28 /* 07 AM - Rainy.mp3 */; };
		B13B171B1C042CF800FBAC28 /* 07 PM - Rainy.mp3 in Resources */ = {isa = PBXBuildFile; fileRef = B13B17031C042CF800FBAC28 /* 07 PM - Rainy.mp3 */; };
		B13B171C1C042CF800FBAC28 /* 08 AM - Rainy.mp3 in Resources */ = {isa = PBXBuildFile; fileRef = B13B17041C042CF800FBAC28 /* 08 AM - Rainy.mp3 */; };
		B13B171D1C042CF800FBAC28 /* 08 PM - Rainy.mp3 in Resources */ = {isa = PBXBuildFile; fileRef = B13B17051C042CF800FBAC28 /* 08 PM - Rainy.mp3 */; };
		B13B171E1C042CF800FBAC28 /* 09 AM - Rainy.mp3 in Resources */ = {isa = PBXBuildFile; fileRef = B13B17061C042CF800FBAC28 /* 09 AM - Rainy.mp3 */; };
		B13B171F1C042CF800FBAC28 /* 09 PM - Rainy.mp3 in Resources */ = {isa = PBXBuildFile; fileRef = B13B17071C042CF800FBAC28 /* 09 PM - Rainy.mp3 */; };
		B13B17201C042CF800FBAC28 /* 10 AM - Rainy.mp3 in Resources */ = {isa = PBXBuildFile; fileRef = B13B17081C042CF800FBAC28 /* 10 AM - Rainy.mp3 */; };
		B13B17211C042CF800FBAC28 /* 10 PM - Rainy.mp3 in Resources */ = {isa = PBXBuildFile; fileRef = B13B17091C042CF800FBAC28 /* 10 PM - Rainy.mp3 */; };
		B13B17221C042CF800FBAC28 /* 11 AM - Rainy.mp3 in Resources */ = {isa = PBXBuildFile; fileRef = B13B170A1C042CF800FBAC28 /* 11 AM - Rainy.mp3 */; };
		B13B17231C042CF800FBAC28 /* 11 PM - Rainy.mp3 in Resources */ = {isa = PBXBuildFile; fileRef = B13B170B1C042CF800FBAC28 /* 11 PM - Rainy.mp3 */; };
		B13B17241C042CF800FBAC28 /* 12 AM - Rainy.mp3 in Resources */ = {isa = PBXBuildFile; fileRef = B13B170C1C042CF800FBAC28 /* 12 AM - Rainy.mp3 */; };
		B13B17251C042CF800FBAC28 /* 12 PM - Rainy.mp3 in Resources */ = {isa = PBXBuildFile; fileRef = B13B170D1C042CF800FBAC28 /* 12 PM - Rainy.mp3 */; };
		B15E9DBD1C013DA600157F21 /* kk_icon.png in Resources */ = {isa = PBXBuildFile; fileRef = B15E9DBC1C013DA600157F21 /* kk_icon.png */; };
		B15E9DC01C013DAF00157F21 /* loop_off.png in Resources */ = {isa = PBXBuildFile; fileRef = B15E9DBE1C013DAF00157F21 /* loop_off.png */; };
		B15E9DC11C013DAF00157F21 /* loop_on.png in Resources */ = {isa = PBXBuildFile; fileRef = B15E9DBF1C013DAF00157F21 /* loop_on.png */; };
		B1F100071BDF3F2300F8CA91 /* main.m in Sources */ = {isa = PBXBuildFile; fileRef = B1F100061BDF3F2300F8CA91 /* main.m */; };
		B1F1000A1BDF3F2300F8CA91 /* AppDelegate.m in Sources */ = {isa = PBXBuildFile; fileRef = B1F100091BDF3F2300F8CA91 /* AppDelegate.m */; };
		B1F1000D1BDF3F2300F8CA91 /* ViewController.m in Sources */ = {isa = PBXBuildFile; fileRef = B1F1000C1BDF3F2300F8CA91 /* ViewController.m */; };
		B1F100101BDF3F2300F8CA91 /* Main.storyboard in Resources */ = {isa = PBXBuildFile; fileRef = B1F1000E1BDF3F2300F8CA91 /* Main.storyboard */; };
		B1F100121BDF3F2300F8CA91 /* Assets.xcassets in Resources */ = {isa = PBXBuildFile; fileRef = B1F100111BDF3F2300F8CA91 /* Assets.xcassets */; };
		B1F100151BDF3F2300F8CA91 /* LaunchScreen.storyboard in Resources */ = {isa = PBXBuildFile; fileRef = B1F100131BDF3F2300F8CA91 /* LaunchScreen.storyboard */; };
		B1F100201BDF3F2300F8CA91 /* LifeIsAGameTests.m in Sources */ = {isa = PBXBuildFile; fileRef = B1F1001F1BDF3F2300F8CA91 /* LifeIsAGameTests.m */; };
		B1F1002B1BDF3F2300F8CA91 /* LifeIsAGameUITests.m in Sources */ = {isa = PBXBuildFile; fileRef = B1F1002A1BDF3F2300F8CA91 /* LifeIsAGameUITests.m */; };
		B1F100441BE076A900F8CA91 /* FUNAudioPlayer.m in Sources */ = {isa = PBXBuildFile; fileRef = B1F100431BE076A900F8CA91 /* FUNAudioPlayer.m */; };
/* End PBXBuildFile section */

/* Begin PBXContainerItemProxy section */
		B1F1001C1BDF3F2300F8CA91 /* PBXContainerItemProxy */ = {
			isa = PBXContainerItemProxy;
			containerPortal = B1F1FFFA1BDF3F2300F8CA91 /* Project object */;
			proxyType = 1;
			remoteGlobalIDString = B1F100011BDF3F2300F8CA91;
			remoteInfo = LifeIsAGame;
		};
		B1F100271BDF3F2300F8CA91 /* PBXContainerItemProxy */ = {
			isa = PBXContainerItemProxy;
			containerPortal = B1F1FFFA1BDF3F2300F8CA91 /* Project object */;
			proxyType = 1;
			remoteGlobalIDString = B1F100011BDF3F2300F8CA91;
			remoteInfo = LifeIsAGame;
		};
/* End PBXContainerItemProxy section */

/* Begin PBXFileReference section */
		B10C7B141BE1B66100E3EDCE /* audioplayer_paused.png */ = {isa = PBXFileReference; lastKnownFileType = image.png; path = audioplayer_paused.png; sourceTree = "<group>"; };
		B10C7B161BE1B66500E3EDCE /* audioplayer_play.png */ = {isa = PBXFileReference; lastKnownFileType = image.png; path = audioplayer_play.png; sourceTree = "<group>"; };
		B10C7B181BE1CFF300E3EDCE /* headsDown.png */ = {isa = PBXFileReference; lastKnownFileType = image.png; path = headsDown.png; sourceTree = "<group>"; };
		B10C7B191BE1CFF300E3EDCE /* onFire.png */ = {isa = PBXFileReference; lastKnownFileType = image.png; path = onFire.png; sourceTree = "<group>"; };
		B10C7B1A1BE1CFF300E3EDCE /* victory.png */ = {isa = PBXFileReference; lastKnownFileType = image.png; path = victory.png; sourceTree = "<group>"; };
		B10C7B1B1BE1CFF300E3EDCE /* lightRed.png */ = {isa = PBXFileReference; lastKnownFileType = image.png; path = lightRed.png; sourceTree = "<group>"; };
		B10C7B1C1BE1CFF300E3EDCE /* lightGreen.png */ = {isa = PBXFileReference; lastKnownFileType = image.png; path = lightGreen.png; sourceTree = "<group>"; };
		B10C7B1D1BE1CFF300E3EDCE /* lightYellow.png */ = {isa = PBXFileReference; lastKnownFileType = image.png; path = lightYellow.png; sourceTree = "<group>"; };
		B10C7B281BE1D18F00E3EDCE /* 01 AM.mp3 */ = {isa = PBXFileReference; lastKnownFileType = audio.mp3; path = "01 AM.mp3"; sourceTree = "<group>"; };
		B10C7B291BE1D18F00E3EDCE /* 02 AM.mp3 */ = {isa = PBXFileReference; lastKnownFileType = audio.mp3; path = "02 AM.mp3"; sourceTree = "<group>"; };
		B10C7B2A1BE1D18F00E3EDCE /* 03 AM.mp3 */ = {isa = PBXFileReference; lastKnownFileType = audio.mp3; path = "03 AM.mp3"; sourceTree = "<group>"; };
		B10C7B2B1BE1D18F00E3EDCE /* 04 AM.mp3 */ = {isa = PBXFileReference; lastKnownFileType = audio.mp3; path = "04 AM.mp3"; sourceTree = "<group>"; };
		B10C7B2C1BE1D18F00E3EDCE /* 05 AM.mp3 */ = {isa = PBXFileReference; lastKnownFileType = audio.mp3; path = "05 AM.mp3"; sourceTree = "<group>"; };
		B10C7B2D1BE1D18F00E3EDCE /* 06 AM.mp3 */ = {isa = PBXFileReference; lastKnownFileType = audio.mp3; path = "06 AM.mp3"; sourceTree = "<group>"; };
		B10C7B2E1BE1D18F00E3EDCE /* 07 AM.mp3 */ = {isa = PBXFileReference; lastKnownFileType = audio.mp3; path = "07 AM.mp3"; sourceTree = "<group>"; };
		B10C7B2F1BE1D18F00E3EDCE /* 08 AM.mp3 */ = {isa = PBXFileReference; lastKnownFileType = audio.mp3; path = "08 AM.mp3"; sourceTree = "<group>"; };
		B10C7B301BE1D18F00E3EDCE /* 09 AM.mp3 */ = {isa = PBXFileReference; lastKnownFileType = audio.mp3; path = "09 AM.mp3"; sourceTree = "<group>"; };
		B10C7B311BE1D18F00E3EDCE /* 10 AM.mp3 */ = {isa = PBXFileReference; lastKnownFileType = audio.mp3; path = "10 AM.mp3"; sourceTree = "<group>"; };
		B10C7B321BE1D18F00E3EDCE /* 11 AM.mp3 */ = {isa = PBXFileReference; lastKnownFileType = audio.mp3; path = "11 AM.mp3"; sourceTree = "<group>"; };
		B10C7B331BE1D18F00E3EDCE /* 12 AM.mp3 */ = {isa = PBXFileReference; lastKnownFileType = audio.mp3; path = "12 AM.mp3"; sourceTree = "<group>"; };
		B10C7B341BE1D18F00E3EDCE /* 01 PM.mp3 */ = {isa = PBXFileReference; lastKnownFileType = audio.mp3; path = "01 PM.mp3"; sourceTree = "<group>"; };
		B10C7B351BE1D18F00E3EDCE /* 02 PM.mp3 */ = {isa = PBXFileReference; lastKnownFileType = audio.mp3; path = "02 PM.mp3"; sourceTree = "<group>"; };
		B10C7B361BE1D18F00E3EDCE /* 03 PM.mp3 */ = {isa = PBXFileReference; lastKnownFileType = audio.mp3; path = "03 PM.mp3"; sourceTree = "<group>"; };
		B10C7B371BE1D18F00E3EDCE /* 04 PM.mp3 */ = {isa = PBXFileReference; lastKnownFileType = audio.mp3; path = "04 PM.mp3"; sourceTree = "<group>"; };
		B10C7B381BE1D18F00E3EDCE /* 05 PM.mp3 */ = {isa = PBXFileReference; lastKnownFileType = audio.mp3; path = "05 PM.mp3"; sourceTree = "<group>"; };
		B10C7B391BE1D18F00E3EDCE /* 06 PM.mp3 */ = {isa = PBXFileReference; lastKnownFileType = audio.mp3; path = "06 PM.mp3"; sourceTree = "<group>"; };
		B10C7B3A1BE1D18F00E3EDCE /* 07 PM.mp3 */ = {isa = PBXFileReference; lastKnownFileType = audio.mp3; path = "07 PM.mp3"; sourceTree = "<group>"; };
		B10C7B3B1BE1D18F00E3EDCE /* 08 PM.mp3 */ = {isa = PBXFileReference; lastKnownFileType = audio.mp3; path = "08 PM.mp3"; sourceTree = "<group>"; };
		B10C7B3C1BE1D18F00E3EDCE /* 09 PM.mp3 */ = {isa = PBXFileReference; lastKnownFileType = audio.mp3; path = "09 PM.mp3"; sourceTree = "<group>"; };
		B10C7B3D1BE1D18F00E3EDCE /* 10 PM.mp3 */ = {isa = PBXFileReference; lastKnownFileType = audio.mp3; path = "10 PM.mp3"; sourceTree = "<group>"; };
		B10C7B3E1BE1D18F00E3EDCE /* 11 PM.mp3 */ = {isa = PBXFileReference; lastKnownFileType = audio.mp3; path = "11 PM.mp3"; sourceTree = "<group>"; };
		B10C7B3F1BE1D18F00E3EDCE /* 12 PM.mp3 */ = {isa = PBXFileReference; lastKnownFileType = audio.mp3; path = "12 PM.mp3"; sourceTree = "<group>"; };
		B13B16F61C042CF800FBAC28 /* 01 AM - Rainy.mp3 */ = {isa = PBXFileReference; lastKnownFileType = audio.mp3; path = "01 AM - Rainy.mp3"; sourceTree = "<group>"; };
		B13B16F71C042CF800FBAC28 /* 01 PM - Rainy.mp3 */ = {isa = PBXFileReference; lastKnownFileType = audio.mp3; path = "01 PM - Rainy.mp3"; sourceTree = "<group>"; };
		B13B16F81C042CF800FBAC28 /* 02 AM - Rainy.mp3 */ = {isa = PBXFileReference; lastKnownFileType = audio.mp3; path = "02 AM - Rainy.mp3"; sourceTree = "<group>"; };
		B13B16F91C042CF800FBAC28 /* 02 PM - Rainy.mp3 */ = {isa = PBXFileReference; lastKnownFileType = audio.mp3; path = "02 PM - Rainy.mp3"; sourceTree = "<group>"; };
		B13B16FA1C042CF800FBAC28 /* 03 AM - Rainy.mp3 */ = {isa = PBXFileReference; lastKnownFileType = audio.mp3; path = "03 AM - Rainy.mp3"; sourceTree = "<group>"; };
		B13B16FB1C042CF800FBAC28 /* 03 PM - Rainy.mp3 */ = {isa = PBXFileReference; lastKnownFileType = audio.mp3; path = "03 PM - Rainy.mp3"; sourceTree = "<group>"; };
		B13B16FC1C042CF800FBAC28 /* 04 AM - Rainy.mp3 */ = {isa = PBXFileReference; lastKnownFileType = audio.mp3; path = "04 AM - Rainy.mp3"; sourceTree = "<group>"; };
		B13B16FD1C042CF800FBAC28 /* 04 PM - Rainy.mp3 */ = {isa = PBXFileReference; lastKnownFileType = audio.mp3; path = "04 PM - Rainy.mp3"; sourceTree = "<group>"; };
		B13B16FE1C042CF800FBAC28 /* 05 AM - Rainy.mp3 */ = {isa = PBXFileReference; lastKnownFileType = audio.mp3; path = "05 AM - Rainy.mp3"; sourceTree = "<group>"; };
		B13B16FF1C042CF800FBAC28 /* 05 PM - Rainy.mp3 */ = {isa = PBXFileReference; lastKnownFileType = audio.mp3; path = "05 PM - Rainy.mp3"; sourceTree = "<group>"; };
		B13B17001C042CF800FBAC28 /* 06 AM - Rainy.mp3 */ = {isa = PBXFileReference; lastKnownFileType = audio.mp3; path = "06 AM - Rainy.mp3"; sourceTree = "<group>"; };
		B13B17011C042CF800FBAC28 /* 06 PM - Rainy.mp3 */ = {isa = PBXFileReference; lastKnownFileType = audio.mp3; path = "06 PM - Rainy.mp3"; sourceTree = "<group>"; };
		B13B17021C042CF800FBAC28 /* 07 AM - Rainy.mp3 */ = {isa = PBXFileReference; lastKnownFileType = audio.mp3; path = "07 AM - Rainy.mp3"; sourceTree = "<group>"; };
		B13B17031C042CF800FBAC28 /* 07 PM - Rainy.mp3 */ = {isa = PBXFileReference; lastKnownFileType = audio.mp3; path = "07 PM - Rainy.mp3"; sourceTree = "<group>"; };
		B13B17041C042CF800FBAC28 /* 08 AM - Rainy.mp3 */ = {isa = PBXFileReference; lastKnownFileType = audio.mp3; path = "08 AM - Rainy.mp3"; sourceTree = "<group>"; };
		B13B17051C042CF800FBAC28 /* 08 PM - Rainy.mp3 */ = {isa = PBXFileReference; lastKnownFileType = audio.mp3; path = "08 PM - Rainy.mp3"; sourceTree = "<group>"; };
		B13B17061C042CF800FBAC28 /* 09 AM - Rainy.mp3 */ = {isa = PBXFileReference; lastKnownFileType = audio.mp3; path = "09 AM - Rainy.mp3"; sourceTree = "<group>"; };
		B13B17071C042CF800FBAC28 /* 09 PM - Rainy.mp3 */ = {isa = PBXFileReference; lastKnownFileType = audio.mp3; path = "09 PM - Rainy.mp3"; sourceTree = "<group>"; };
		B13B17081C042CF800FBAC28 /* 10 AM - Rainy.mp3 */ = {isa = PBXFileReference; lastKnownFileType = audio.mp3; path = "10 AM - Rainy.mp3"; sourceTree = "<group>"; };
		B13B17091C042CF800FBAC28 /* 10 PM - Rainy.mp3 */ = {isa = PBXFileReference; lastKnownFileType = audio.mp3; path = "10 PM - Rainy.mp3"; sourceTree = "<group>"; };
		B13B170A1C042CF800FBAC28 /* 11 AM - Rainy.mp3 */ = {isa = PBXFileReference; lastKnownFileType = audio.mp3; path = "11 AM - Rainy.mp3"; sourceTree = "<group>"; };
		B13B170B1C042CF800FBAC28 /* 11 PM - Rainy.mp3 */ = {isa = PBXFileReference; lastKnownFileType = audio.mp3; path = "11 PM - Rainy.mp3"; sourceTree = "<group>"; };
		B13B170C1C042CF800FBAC28 /* 12 AM - Rainy.mp3 */ = {isa = PBXFileReference; lastKnownFileType = audio.mp3; path = "12 AM - Rainy.mp3"; sourceTree = "<group>"; };
		B13B170D1C042CF800FBAC28 /* 12 PM - Rainy.mp3 */ = {isa = PBXFileReference; lastKnownFileType = audio.mp3; path = "12 PM - Rainy.mp3"; sourceTree = "<group>"; };
		B15E9DBC1C013DA600157F21 /* kk_icon.png */ = {isa = PBXFileReference; lastKnownFileType = image.png; path = kk_icon.png; sourceTree = "<group>"; };
		B15E9DBE1C013DAF00157F21 /* loop_off.png */ = {isa = PBXFileReference; lastKnownFileType = image.png; path = loop_off.png; sourceTree = "<group>"; };
		B15E9DBF1C013DAF00157F21 /* loop_on.png */ = {isa = PBXFileReference; lastKnownFileType = image.png; path = loop_on.png; sourceTree = "<group>"; };
		B1F100021BDF3F2300F8CA91 /* LifeIsAGame.app */ = {isa = PBXFileReference; explicitFileType = wrapper.application; includeInIndex = 0; path = LifeIsAGame.app; sourceTree = BUILT_PRODUCTS_DIR; };
		B1F100061BDF3F2300F8CA91 /* main.m */ = {isa = PBXFileReference; lastKnownFileType = sourcecode.c.objc; path = main.m; sourceTree = "<group>"; };
		B1F100081BDF3F2300F8CA91 /* AppDelegate.h */ = {isa = PBXFileReference; lastKnownFileType = sourcecode.c.h; path = AppDelegate.h; sourceTree = "<group>"; };
		B1F100091BDF3F2300F8CA91 /* AppDelegate.m */ = {isa = PBXFileReference; lastKnownFileType = sourcecode.c.objc; path = AppDelegate.m; sourceTree = "<group>"; };
		B1F1000B1BDF3F2300F8CA91 /* ViewController.h */ = {isa = PBXFileReference; lastKnownFileType = sourcecode.c.h; path = ViewController.h; sourceTree = "<group>"; };
		B1F1000C1BDF3F2300F8CA91 /* ViewController.m */ = {isa = PBXFileReference; lastKnownFileType = sourcecode.c.objc; path = ViewController.m; sourceTree = "<group>"; };
		B1F1000F1BDF3F2300F8CA91 /* Base */ = {isa = PBXFileReference; lastKnownFileType = file.storyboard; name = Base; path = Base.lproj/Main.storyboard; sourceTree = "<group>"; };
		B1F100111BDF3F2300F8CA91 /* Assets.xcassets */ = {isa = PBXFileReference; lastKnownFileType = folder.assetcatalog; path = Assets.xcassets; sourceTree = "<group>"; };
		B1F100141BDF3F2300F8CA91 /* Base */ = {isa = PBXFileReference; lastKnownFileType = file.storyboard; name = Base; path = Base.lproj/LaunchScreen.storyboard; sourceTree = "<group>"; };
		B1F100161BDF3F2300F8CA91 /* Info.plist */ = {isa = PBXFileReference; lastKnownFileType = text.plist.xml; path = Info.plist; sourceTree = "<group>"; };
		B1F1001B1BDF3F2300F8CA91 /* LifeIsAGameTests.xctest */ = {isa = PBXFileReference; explicitFileType = wrapper.cfbundle; includeInIndex = 0; path = LifeIsAGameTests.xctest; sourceTree = BUILT_PRODUCTS_DIR; };
		B1F1001F1BDF3F2300F8CA91 /* LifeIsAGameTests.m */ = {isa = PBXFileReference; lastKnownFileType = sourcecode.c.objc; path = LifeIsAGameTests.m; sourceTree = "<group>"; };
		B1F100211BDF3F2300F8CA91 /* Info.plist */ = {isa = PBXFileReference; lastKnownFileType = text.plist.xml; path = Info.plist; sourceTree = "<group>"; };
		B1F100261BDF3F2300F8CA91 /* LifeIsAGameUITests.xctest */ = {isa = PBXFileReference; explicitFileType = wrapper.cfbundle; includeInIndex = 0; path = LifeIsAGameUITests.xctest; sourceTree = BUILT_PRODUCTS_DIR; };
		B1F1002A1BDF3F2300F8CA91 /* LifeIsAGameUITests.m */ = {isa = PBXFileReference; lastKnownFileType = sourcecode.c.objc; path = LifeIsAGameUITests.m; sourceTree = "<group>"; };
		B1F1002C1BDF3F2300F8CA91 /* Info.plist */ = {isa = PBXFileReference; lastKnownFileType = text.plist.xml; path = Info.plist; sourceTree = "<group>"; };
		B1F100421BE076A900F8CA91 /* FUNAudioPlayer.h */ = {isa = PBXFileReference; fileEncoding = 4; lastKnownFileType = sourcecode.c.h; name = FUNAudioPlayer.h; path = FUNAudioPlayer/FUNAudioPlayer.h; sourceTree = "<group>"; };
		B1F100431BE076A900F8CA91 /* FUNAudioPlayer.m */ = {isa = PBXFileReference; fileEncoding = 4; lastKnownFileType = sourcecode.c.objc; name = FUNAudioPlayer.m; path = FUNAudioPlayer/FUNAudioPlayer.m; sourceTree = "<group>"; };
/* End PBXFileReference section */

/* Begin PBXFrameworksBuildPhase section */
		B1F100181BDF3F2300F8CA91 /* Frameworks */ = {
			isa = PBXFrameworksBuildPhase;
			buildActionMask = 2147483647;
			files = (
			);
			runOnlyForDeploymentPostprocessing = 0;
		};
		B1F100231BDF3F2300F8CA91 /* Frameworks */ = {
			isa = PBXFrameworksBuildPhase;
			buildActionMask = 2147483647;
			files = (
			);
			runOnlyForDeploymentPostprocessing = 0;
		};
		B1F1FFFF1BDF3F2300F8CA91 /* Frameworks */ = {
			isa = PBXFrameworksBuildPhase;
			buildActionMask = 2147483647;
			files = (
			);
			runOnlyForDeploymentPostprocessing = 0;
		};
/* End PBXFrameworksBuildPhase section */

/* Begin PBXGroup section */
		B10C7B241BE1CFFA00E3EDCE /* images */ = {
			isa = PBXGroup;
			children = (
				B15E9DBE1C013DAF00157F21 /* loop_off.png */,
				B15E9DBF1C013DAF00157F21 /* loop_on.png */,
				B15E9DBC1C013DA600157F21 /* kk_icon.png */,
				B10C7B181BE1CFF300E3EDCE /* headsDown.png */,
				B10C7B191BE1CFF300E3EDCE /* onFire.png */,
				B10C7B1A1BE1CFF300E3EDCE /* victory.png */,
				B10C7B1B1BE1CFF300E3EDCE /* lightRed.png */,
				B10C7B1C1BE1CFF300E3EDCE /* lightGreen.png */,
				B10C7B1D1BE1CFF300E3EDCE /* lightYellow.png */,
				B10C7B141BE1B66100E3EDCE /* audioplayer_paused.png */,
				B10C7B161BE1B66500E3EDCE /* audioplayer_play.png */,
			);
			name = images;
			sourceTree = "<group>";
		};
		B10C7B251BE1D06E00E3EDCE /* music */ = {
			isa = PBXGroup;
			children = (
				B10C7B281BE1D18F00E3EDCE /* 01 AM.mp3 */,
				B10C7B291BE1D18F00E3EDCE /* 02 AM.mp3 */,
				B10C7B2A1BE1D18F00E3EDCE /* 03 AM.mp3 */,
				B10C7B2B1BE1D18F00E3EDCE /* 04 AM.mp3 */,
				B10C7B2C1BE1D18F00E3EDCE /* 05 AM.mp3 */,
				B10C7B2D1BE1D18F00E3EDCE /* 06 AM.mp3 */,
				B10C7B2E1BE1D18F00E3EDCE /* 07 AM.mp3 */,
				B10C7B2F1BE1D18F00E3EDCE /* 08 AM.mp3 */,
				B10C7B301BE1D18F00E3EDCE /* 09 AM.mp3 */,
				B10C7B311BE1D18F00E3EDCE /* 10 AM.mp3 */,
				B10C7B321BE1D18F00E3EDCE /* 11 AM.mp3 */,
				B10C7B331BE1D18F00E3EDCE /* 12 AM.mp3 */,
				B10C7B341BE1D18F00E3EDCE /* 01 PM.mp3 */,
				B10C7B351BE1D18F00E3EDCE /* 02 PM.mp3 */,
				B10C7B361BE1D18F00E3EDCE /* 03 PM.mp3 */,
				B10C7B371BE1D18F00E3EDCE /* 04 PM.mp3 */,
				B10C7B381BE1D18F00E3EDCE /* 05 PM.mp3 */,
				B10C7B391BE1D18F00E3EDCE /* 06 PM.mp3 */,
				B10C7B3A1BE1D18F00E3EDCE /* 07 PM.mp3 */,
				B10C7B3B1BE1D18F00E3EDCE /* 08 PM.mp3 */,
				B10C7B3C1BE1D18F00E3EDCE /* 09 PM.mp3 */,
				B10C7B3D1BE1D18F00E3EDCE /* 10 PM.mp3 */,
				B10C7B3E1BE1D18F00E3EDCE /* 11 PM.mp3 */,
				B10C7B3F1BE1D18F00E3EDCE /* 12 PM.mp3 */,
				B13B16F61C042CF800FBAC28 /* 01 AM - Rainy.mp3 */,
				B13B16F71C042CF800FBAC28 /* 01 PM - Rainy.mp3 */,
				B13B16F81C042CF800FBAC28 /* 02 AM - Rainy.mp3 */,
				B13B16F91C042CF800FBAC28 /* 02 PM - Rainy.mp3 */,
				B13B16FA1C042CF800FBAC28 /* 03 AM - Rainy.mp3 */,
				B13B16FB1C042CF800FBAC28 /* 03 PM - Rainy.mp3 */,
				B13B16FC1C042CF800FBAC28 /* 04 AM - Rainy.mp3 */,
				B13B16FD1C042CF800FBAC28 /* 04 PM - Rainy.mp3 */,
				B13B16FE1C042CF800FBAC28 /* 05 AM - Rainy.mp3 */,
				B13B16FF1C042CF800FBAC28 /* 05 PM - Rainy.mp3 */,
				B13B17001C042CF800FBAC28 /* 06 AM - Rainy.mp3 */,
				B13B17011C042CF800FBAC28 /* 06 PM - Rainy.mp3 */,
				B13B17021C042CF800FBAC28 /* 07 AM - Rainy.mp3 */,
				B13B17031C042CF800FBAC28 /* 07 PM - Rainy.mp3 */,
				B13B17041C042CF800FBAC28 /* 08 AM - Rainy.mp3 */,
				B13B17051C042CF800FBAC28 /* 08 PM - Rainy.mp3 */,
				B13B17061C042CF800FBAC28 /* 09 AM - Rainy.mp3 */,
				B13B17071C042CF800FBAC28 /* 09 PM - Rainy.mp3 */,
				B13B17081C042CF800FBAC28 /* 10 AM - Rainy.mp3 */,
				B13B17091C042CF800FBAC28 /* 10 PM - Rainy.mp3 */,
				B13B170A1C042CF800FBAC28 /* 11 AM - Rainy.mp3 */,
				B13B170B1C042CF800FBAC28 /* 11 PM - Rainy.mp3 */,
				B13B170C1C042CF800FBAC28 /* 12 AM - Rainy.mp3 */,
				B13B170D1C042CF800FBAC28 /* 12 PM - Rainy.mp3 */,
			);
			name = music;
			sourceTree = "<group>";
		};
		B1F100031BDF3F2300F8CA91 /* Products */ = {
			isa = PBXGroup;
			children = (
				B1F100021BDF3F2300F8CA91 /* LifeIsAGame.app */,
				B1F1001B1BDF3F2300F8CA91 /* LifeIsAGameTests.xctest */,
				B1F100261BDF3F2300F8CA91 /* LifeIsAGameUITests.xctest */,
			);
			name = Products;
			sourceTree = "<group>";
		};
		B1F100041BDF3F2300F8CA91 /* LifeIsAGame */ = {
			isa = PBXGroup;
			children = (
				B10C7B251BE1D06E00E3EDCE /* music */,
				B10C7B241BE1CFFA00E3EDCE /* images */,
				B1F1003C1BDF459800F8CA91 /* AudioPlayer */,
				B1F100081BDF3F2300F8CA91 /* AppDelegate.h */,
				B1F100091BDF3F2300F8CA91 /* AppDelegate.m */,
				B1F1000B1BDF3F2300F8CA91 /* ViewController.h */,
				B1F1000C1BDF3F2300F8CA91 /* ViewController.m */,
				B1F1000E1BDF3F2300F8CA91 /* Main.storyboard */,
				B1F100111BDF3F2300F8CA91 /* Assets.xcassets */,
				B1F100131BDF3F2300F8CA91 /* LaunchScreen.storyboard */,
				B1F100161BDF3F2300F8CA91 /* Info.plist */,
				B1F100051BDF3F2300F8CA91 /* Supporting Files */,
			);
			path = LifeIsAGame;
			sourceTree = "<group>";
		};
		B1F100051BDF3F2300F8CA91 /* Supporting Files */ = {
			isa = PBXGroup;
			children = (
				B1F100061BDF3F2300F8CA91 /* main.m */,
			);
			name = "Supporting Files";
			sourceTree = "<group>";
		};
		B1F1001E1BDF3F2300F8CA91 /* LifeIsAGameTests */ = {
			isa = PBXGroup;
			children = (
				B1F1001F1BDF3F2300F8CA91 /* LifeIsAGameTests.m */,
				B1F100211BDF3F2300F8CA91 /* Info.plist */,
			);
			path = LifeIsAGameTests;
			sourceTree = "<group>";
		};
		B1F100291BDF3F2300F8CA91 /* LifeIsAGameUITests */ = {
			isa = PBXGroup;
			children = (
				B1F1002A1BDF3F2300F8CA91 /* LifeIsAGameUITests.m */,
				B1F1002C1BDF3F2300F8CA91 /* Info.plist */,
			);
			path = LifeIsAGameUITests;
			sourceTree = "<group>";
		};
		B1F1003C1BDF459800F8CA91 /* AudioPlayer */ = {
			isa = PBXGroup;
			children = (
				B1F100421BE076A900F8CA91 /* FUNAudioPlayer.h */,
				B1F100431BE076A900F8CA91 /* FUNAudioPlayer.m */,
			);
			name = AudioPlayer;
			sourceTree = "<group>";
		};
		B1F1FFF91BDF3F2300F8CA91 = {
			isa = PBXGroup;
			children = (
				B1F100041BDF3F2300F8CA91 /* LifeIsAGame */,
				B1F1001E1BDF3F2300F8CA91 /* LifeIsAGameTests */,
				B1F100291BDF3F2300F8CA91 /* LifeIsAGameUITests */,
				B1F100031BDF3F2300F8CA91 /* Products */,
			);
			sourceTree = "<group>";
		};
/* End PBXGroup section */

/* Begin PBXNativeTarget section */
		B1F100011BDF3F2300F8CA91 /* LifeIsAGame */ = {
			isa = PBXNativeTarget;
			buildConfigurationList = B1F1002F1BDF3F2300F8CA91 /* Build configuration list for PBXNativeTarget "LifeIsAGame" */;
			buildPhases = (
				B1F1FFFE1BDF3F2300F8CA91 /* Sources */,
				B1F1FFFF1BDF3F2300F8CA91 /* Frameworks */,
				B1F100001BDF3F2300F8CA91 /* Resources */,
			);
			buildRules = (
			);
			dependencies = (
			);
			name = LifeIsAGame;
			productName = LifeIsAGame;
			productReference = B1F100021BDF3F2300F8CA91 /* LifeIsAGame.app */;
			productType = "com.apple.product-type.application";
		};
		B1F1001A1BDF3F2300F8CA91 /* LifeIsAGameTests */ = {
			isa = PBXNativeTarget;
			buildConfigurationList = B1F100321BDF3F2300F8CA91 /* Build configuration list for PBXNativeTarget "LifeIsAGameTests" */;
			buildPhases = (
				B1F100171BDF3F2300F8CA91 /* Sources */,
				B1F100181BDF3F2300F8CA91 /* Frameworks */,
				B1F100191BDF3F2300F8CA91 /* Resources */,
			);
			buildRules = (
			);
			dependencies = (
				B1F1001D1BDF3F2300F8CA91 /* PBXTargetDependency */,
			);
			name = LifeIsAGameTests;
			productName = LifeIsAGameTests;
			productReference = B1F1001B1BDF3F2300F8CA91 /* LifeIsAGameTests.xctest */;
			productType = "com.apple.product-type.bundle.unit-test";
		};
		B1F100251BDF3F2300F8CA91 /* LifeIsAGameUITests */ = {
			isa = PBXNativeTarget;
			buildConfigurationList = B1F100351BDF3F2300F8CA91 /* Build configuration list for PBXNativeTarget "LifeIsAGameUITests" */;
			buildPhases = (
				B1F100221BDF3F2300F8CA91 /* Sources */,
				B1F100231BDF3F2300F8CA91 /* Frameworks */,
				B1F100241BDF3F2300F8CA91 /* Resources */,
			);
			buildRules = (
			);
			dependencies = (
				B1F100281BDF3F2300F8CA91 /* PBXTargetDependency */,
			);
			name = LifeIsAGameUITests;
			productName = LifeIsAGameUITests;
			productReference = B1F100261BDF3F2300F8CA91 /* LifeIsAGameUITests.xctest */;
			productType = "com.apple.product-type.bundle.ui-testing";
		};
/* End PBXNativeTarget section */

/* Begin PBXProject section */
		B1F1FFFA1BDF3F2300F8CA91 /* Project object */ = {
			isa = PBXProject;
			attributes = {
				LastUpgradeCheck = 0710;
				ORGANIZATIONNAME = FunderDevelopment;
				TargetAttributes = {
					B1F100011BDF3F2300F8CA91 = {
						CreatedOnToolsVersion = 7.1;
						SystemCapabilities = {
							com.apple.BackgroundModes = {
								enabled = 1;
							};
						};
					};
					B1F1001A1BDF3F2300F8CA91 = {
						CreatedOnToolsVersion = 7.1;
						TestTargetID = B1F100011BDF3F2300F8CA91;
					};
					B1F100251BDF3F2300F8CA91 = {
						CreatedOnToolsVersion = 7.1;
						TestTargetID = B1F100011BDF3F2300F8CA91;
					};
				};
			};
			buildConfigurationList = B1F1FFFD1BDF3F2300F8CA91 /* Build configuration list for PBXProject "LifeIsAGame" */;
			compatibilityVersion = "Xcode 3.2";
			developmentRegion = English;
			hasScannedForEncodings = 0;
			knownRegions = (
				en,
				Base,
			);
			mainGroup = B1F1FFF91BDF3F2300F8CA91;
			productRefGroup = B1F100031BDF3F2300F8CA91 /* Products */;
			projectDirPath = "";
			projectRoot = "";
			targets = (
				B1F100011BDF3F2300F8CA91 /* LifeIsAGame */,
				B1F1001A1BDF3F2300F8CA91 /* LifeIsAGameTests */,
				B1F100251BDF3F2300F8CA91 /* LifeIsAGameUITests */,
			);
		};
/* End PBXProject section */

/* Begin PBXResourcesBuildPhase section */
		B1F100001BDF3F2300F8CA91 /* Resources */ = {
			isa = PBXResourcesBuildPhase;
			buildActionMask = 2147483647;
			files = (
				B10C7B541BE1D18F00E3EDCE /* 06 PM.mp3 in Resources */,
				B10C7B1F1BE1CFF300E3EDCE /* onFire.png in Resources */,
				B10C7B471BE1D18F00E3EDCE /* 05 AM.mp3 in Resources */,
				B10C7B481BE1D18F00E3EDCE /* 06 AM.mp3 in Resources */,
				B1F100151BDF3F2300F8CA91 /* LaunchScreen.storyboard in Resources */,
				B10C7B461BE1D18F00E3EDCE /* 04 AM.mp3 in Resources */,
				B10C7B4A1BE1D18F00E3EDCE /* 08 AM.mp3 in Resources */,
				B13B171C1C042CF800FBAC28 /* 08 AM - Rainy.mp3 in Resources */,
				B10C7B491BE1D18F00E3EDCE /* 07 AM.mp3 in Resources */,
				B13B17201C042CF800FBAC28 /* 10 AM - Rainy.mp3 in Resources */,
				B13B17151C042CF800FBAC28 /* 04 PM - Rainy.mp3 in Resources */,
				B10C7B4D1BE1D18F00E3EDCE /* 11 AM.mp3 in Resources */,
				B10C7B5A1BE1D18F00E3EDCE /* 12 PM.mp3 in Resources */,
				B13B171B1C042CF800FBAC28 /* 07 PM - Rainy.mp3 in Resources */,
				B13B17231C042CF800FBAC28 /* 11 PM - Rainy.mp3 in Resources */,
				B10C7B501BE1D18F00E3EDCE /* 02 PM.mp3 in Resources */,
				B10C7B1E1BE1CFF300E3EDCE /* headsDown.png in Resources */,
				B13B17251C042CF800FBAC28 /* 12 PM - Rainy.mp3 in Resources */,
				B10C7B561BE1D18F00E3EDCE /* 08 PM.mp3 in Resources */,
				B13B171D1C042CF800FBAC28 /* 08 PM - Rainy.mp3 in Resources */,
				B13B17181C042CF800FBAC28 /* 06 AM - Rainy.mp3 in Resources */,
				B10C7B4E1BE1D18F00E3EDCE /* 12 AM.mp3 in Resources */,
				B10C7B451BE1D18F00E3EDCE /* 03 AM.mp3 in Resources */,
				B10C7B221BE1CFF300E3EDCE /* lightGreen.png in Resources */,
				B13B171F1C042CF800FBAC28 /* 09 PM - Rainy.mp3 in Resources */,
				B13B17171C042CF800FBAC28 /* 05 PM - Rainy.mp3 in Resources */,
				B1F100121BDF3F2300F8CA91 /* Assets.xcassets in Resources */,
				B15E9DC01C013DAF00157F21 /* loop_off.png in Resources */,
				B10C7B211BE1CFF300E3EDCE /* lightRed.png in Resources */,
				B10C7B231BE1CFF300E3EDCE /* lightYellow.png in Resources */,
				B13B170E1C042CF800FBAC28 /* 01 AM - Rainy.mp3 in Resources */,
				B10C7B511BE1D18F00E3EDCE /* 03 PM.mp3 in Resources */,
				B13B17111C042CF800FBAC28 /* 02 PM - Rainy.mp3 in Resources */,
				B13B17131C042CF800FBAC28 /* 03 PM - Rainy.mp3 in Resources */,
				B10C7B571BE1D18F00E3EDCE /* 09 PM.mp3 in Resources */,
				B13B171E1C042CF800FBAC28 /* 09 AM - Rainy.mp3 in Resources */,
				B15E9DC11C013DAF00157F21 /* loop_on.png in Resources */,
				B13B17121C042CF800FBAC28 /* 03 AM - Rainy.mp3 in Resources */,
				B13B17191C042CF800FBAC28 /* 06 PM - Rainy.mp3 in Resources */,
				B13B171A1C042CF800FBAC28 /* 07 AM - Rainy.mp3 in Resources */,
				B13B17221C042CF800FBAC28 /* 11 AM - Rainy.mp3 in Resources */,
				B10C7B171BE1B66500E3EDCE /* audioplayer_play.png in Resources */,
				B10C7B201BE1CFF300E3EDCE /* victory.png in Resources */,
				B10C7B531BE1D18F00E3EDCE /* 05 PM.mp3 in Resources */,
				B15E9DBD1C013DA600157F21 /* kk_icon.png in Resources */,
				B10C7B151BE1B66100E3EDCE /* audioplayer_paused.png in Resources */,
				B13B17241C042CF800FBAC28 /* 12 AM - Rainy.mp3 in Resources */,
				B10C7B521BE1D18F00E3EDCE /* 04 PM.mp3 in Resources */,
				B10C7B591BE1D18F00E3EDCE /* 11 PM.mp3 in Resources */,
				B13B17211C042CF800FBAC28 /* 10 PM - Rainy.mp3 in Resources */,
				B10C7B551BE1D18F00E3EDCE /* 07 PM.mp3 in Resources */,
				B10C7B4B1BE1D18F00E3EDCE /* 09 AM.mp3 in Resources */,
				B10C7B431BE1D18F00E3EDCE /* 01 AM.mp3 in Resources */,
				B1F100101BDF3F2300F8CA91 /* Main.storyboard in Resources */,
				B13B17161C042CF800FBAC28 /* 05 AM - Rainy.mp3 in Resources */,
				B10C7B581BE1D18F00E3EDCE /* 10 PM.mp3 in Resources */,
				B13B17141C042CF800FBAC28 /* 04 AM - Rainy.mp3 in Resources */,
				B10C7B4C1BE1D18F00E3EDCE /* 10 AM.mp3 in Resources */,
				B13B17101C042CF800FBAC28 /* 02 AM - Rainy.mp3 in Resources */,
				B13B170F1C042CF800FBAC28 /* 01 PM - Rainy.mp3 in Resources */,
				B10C7B4F1BE1D18F00E3EDCE /* 01 PM.mp3 in Resources */,
				B10C7B441BE1D18F00E3EDCE /* 02 AM.mp3 in Resources */,
			);
			runOnlyForDeploymentPostprocessing = 0;
		};
		B1F100191BDF3F2300F8CA91 /* Resources */ = {
			isa = PBXResourcesBuildPhase;
			buildActionMask = 2147483647;
			files = (
			);
			runOnlyForDeploymentPostprocessing = 0;
		};
		B1F100241BDF3F2300F8CA91 /* Resources */ = {
			isa = PBXResourcesBuildPhase;
			buildActionMask = 2147483647;
			files = (
			);
			runOnlyForDeploymentPostprocessing = 0;
		};
/* End PBXResourcesBuildPhase section */

/* Begin PBXSourcesBuildPhase section */
		B1F100171BDF3F2300F8CA91 /* Sources */ = {
			isa = PBXSourcesBuildPhase;
			buildActionMask = 2147483647;
			files = (
				B1F100201BDF3F2300F8CA91 /* LifeIsAGameTests.m in Sources */,
			);
			runOnlyForDeploymentPostprocessing = 0;
		};
		B1F100221BDF3F2300F8CA91 /* Sources */ = {
			isa = PBXSourcesBuildPhase;
			buildActionMask = 2147483647;
			files = (
				B1F1002B1BDF3F2300F8CA91 /* LifeIsAGameUITests.m in Sources */,
			);
			runOnlyForDeploymentPostprocessing = 0;
		};
		B1F1FFFE1BDF3F2300F8CA91 /* Sources */ = {
			isa = PBXSourcesBuildPhase;
			buildActionMask = 2147483647;
			files = (
				B1F1000D1BDF3F2300F8CA91 /* ViewController.m in Sources */,
				B1F1000A1BDF3F2300F8CA91 /* AppDelegate.m in Sources */,
				B1F100071BDF3F2300F8CA91 /* main.m in Sources */,
				B1F100441BE076A900F8CA91 /* FUNAudioPlayer.m in Sources */,
			);
			runOnlyForDeploymentPostprocessing = 0;
		};
/* End PBXSourcesBuildPhase section */

/* Begin PBXTargetDependency section */
		B1F1001D1BDF3F2300F8CA91 /* PBXTargetDependency */ = {
			isa = PBXTargetDependency;
			target = B1F100011BDF3F2300F8CA91 /* LifeIsAGame */;
			targetProxy = B1F1001C1BDF3F2300F8CA91 /* PBXContainerItemProxy */;
		};
		B1F100281BDF3F2300F8CA91 /* PBXTargetDependency */ = {
			isa = PBXTargetDependency;
			target = B1F100011BDF3F2300F8CA91 /* LifeIsAGame */;
			targetProxy = B1F100271BDF3F2300F8CA91 /* PBXContainerItemProxy */;
		};
/* End PBXTargetDependency section */

/* Begin PBXVariantGroup section */
		B1F1000E1BDF3F2300F8CA91 /* Main.storyboard */ = {
			isa = PBXVariantGroup;
			children = (
				B1F1000F1BDF3F2300F8CA91 /* Base */,
			);
			name = Main.storyboard;
			sourceTree = "<group>";
		};
		B1F100131BDF3F2300F8CA91 /* LaunchScreen.storyboard */ = {
			isa = PBXVariantGroup;
			children = (
				B1F100141BDF3F2300F8CA91 /* Base */,
			);
			name = LaunchScreen.storyboard;
			sourceTree = "<group>";
		};
/* End PBXVariantGroup section */

/* Begin XCBuildConfiguration section */
		B1F1002D1BDF3F2300F8CA91 /* Debug */ = {
			isa = XCBuildConfiguration;
			buildSettings = {
				ALWAYS_SEARCH_USER_PATHS = NO;
				CLANG_CXX_LANGUAGE_STANDARD = "gnu++0x";
				CLANG_CXX_LIBRARY = "libc++";
				CLANG_ENABLE_MODULES = YES;
				CLANG_ENABLE_OBJC_ARC = YES;
				CLANG_WARN_BOOL_CONVERSION = YES;
				CLANG_WARN_CONSTANT_CONVERSION = YES;
				CLANG_WARN_DIRECT_OBJC_ISA_USAGE = YES_ERROR;
				CLANG_WARN_EMPTY_BODY = YES;
				CLANG_WARN_ENUM_CONVERSION = YES;
				CLANG_WARN_INT_CONVERSION = YES;
				CLANG_WARN_OBJC_ROOT_CLASS = YES_ERROR;
				CLANG_WARN_UNREACHABLE_CODE = YES;
				CLANG_WARN__DUPLICATE_METHOD_MATCH = YES;
				"CODE_SIGN_IDENTITY[sdk=iphoneos*]" = "iPhone Developer";
				COPY_PHASE_STRIP = NO;
				DEBUG_INFORMATION_FORMAT = dwarf;
				ENABLE_STRICT_OBJC_MSGSEND = YES;
				ENABLE_TESTABILITY = YES;
				GCC_C_LANGUAGE_STANDARD = gnu99;
				GCC_DYNAMIC_NO_PIC = NO;
				GCC_NO_COMMON_BLOCKS = YES;
				GCC_OPTIMIZATION_LEVEL = 0;
				GCC_PREPROCESSOR_DEFINITIONS = (
					"DEBUG=1",
					"$(inherited)",
				);
				GCC_WARN_64_TO_32_BIT_CONVERSION = YES;
				GCC_WARN_ABOUT_RETURN_TYPE = YES_ERROR;
				GCC_WARN_UNDECLARED_SELECTOR = YES;
				GCC_WARN_UNINITIALIZED_AUTOS = YES_AGGRESSIVE;
				GCC_WARN_UNUSED_FUNCTION = YES;
				GCC_WARN_UNUSED_VARIABLE = YES;
				IPHONEOS_DEPLOYMENT_TARGET = 9.1;
				MTL_ENABLE_DEBUG_INFO = YES;
				ONLY_ACTIVE_ARCH = YES;
				SDKROOT = iphoneos;
				TARGETED_DEVICE_FAMILY = "1,2";
			};
			name = Debug;
		};
		B1F1002E1BDF3F2300F8CA91 /* Release */ = {
			isa = XCBuildConfiguration;
			buildSettings = {
				ALWAYS_SEARCH_USER_PATHS = NO;
				CLANG_CXX_LANGUAGE_STANDARD = "gnu++0x";
				CLANG_CXX_LIBRARY = "libc++";
				CLANG_ENABLE_MODULES = YES;
				CLANG_ENABLE_OBJC_ARC = YES;
				CLANG_WARN_BOOL_CONVERSION = YES;
				CLANG_WARN_CONSTANT_CONVERSION = YES;
				CLANG_WARN_DIRECT_OBJC_ISA_USAGE = YES_ERROR;
				CLANG_WARN_EMPTY_BODY = YES;
				CLANG_WARN_ENUM_CONVERSION = YES;
				CLANG_WARN_INT_CONVERSION = YES;
				CLANG_WARN_OBJC_ROOT_CLASS = YES_ERROR;
				CLANG_WARN_UNREACHABLE_CODE = YES;
				CLANG_WARN__DUPLICATE_METHOD_MATCH = YES;
				"CODE_SIGN_IDENTITY[sdk=iphoneos*]" = "iPhone Developer";
				COPY_PHASE_STRIP = NO;
				DEBUG_INFORMATION_FORMAT = "dwarf-with-dsym";
				ENABLE_NS_ASSERTIONS = NO;
				ENABLE_STRICT_OBJC_MSGSEND = YES;
				GCC_C_LANGUAGE_STANDARD = gnu99;
				GCC_NO_COMMON_BLOCKS = YES;
				GCC_WARN_64_TO_32_BIT_CONVERSION = YES;
				GCC_WARN_ABOUT_RETURN_TYPE = YES_ERROR;
				GCC_WARN_UNDECLARED_SELECTOR = YES;
				GCC_WARN_UNINITIALIZED_AUTOS = YES_AGGRESSIVE;
				GCC_WARN_UNUSED_FUNCTION = YES;
				GCC_WARN_UNUSED_VARIABLE = YES;
				IPHONEOS_DEPLOYMENT_TARGET = 9.1;
				MTL_ENABLE_DEBUG_INFO = NO;
				SDKROOT = iphoneos;
				TARGETED_DEVICE_FAMILY = "1,2";
				VALIDATE_PRODUCT = YES;
			};
			name = Release;
		};
		B1F100301BDF3F2300F8CA91 /* Debug */ = {
			isa = XCBuildConfiguration;
			buildSettings = {
				INFOPLIST_FILE = LifeIsAGame/Info.plist;
				LD_RUNPATH_SEARCH_PATHS = "$(inherited) @executable_path/Frameworks";
				PRODUCT_BUNDLE_IDENTIFIER = funderDevelopment.LifeIsAGame;
				PRODUCT_NAME = "$(TARGET_NAME)";
			};
			name = Debug;
		};
		B1F100311BDF3F2300F8CA91 /* Release */ = {
			isa = XCBuildConfiguration;
			buildSettings = {
				INFOPLIST_FILE = LifeIsAGame/Info.plist;
				LD_RUNPATH_SEARCH_PATHS = "$(inherited) @executable_path/Frameworks";
				PRODUCT_BUNDLE_IDENTIFIER = funderDevelopment.LifeIsAGame;
				PRODUCT_NAME = "$(TARGET_NAME)";
			};
			name = Release;
		};
		B1F100331BDF3F2300F8CA91 /* Debug */ = {
			isa = XCBuildConfiguration;
			buildSettings = {
				BUNDLE_LOADER = "$(TEST_HOST)";
				INFOPLIST_FILE = LifeIsAGameTests/Info.plist;
				LD_RUNPATH_SEARCH_PATHS = "$(inherited) @executable_path/Frameworks @loader_path/Frameworks";
				PRODUCT_BUNDLE_IDENTIFIER = funderDevelopment.LifeIsAGameTests;
				PRODUCT_NAME = "$(TARGET_NAME)";
				TEST_HOST = "$(BUILT_PRODUCTS_DIR)/LifeIsAGame.app/LifeIsAGame";
			};
			name = Debug;
		};
		B1F100341BDF3F2300F8CA91 /* Release */ = {
			isa = XCBuildConfiguration;
			buildSettings = {
				BUNDLE_LOADER = "$(TEST_HOST)";
				INFOPLIST_FILE = LifeIsAGameTests/Info.plist;
				LD_RUNPATH_SEARCH_PATHS = "$(inherited) @executable_path/Frameworks @loader_path/Frameworks";
				PRODUCT_BUNDLE_IDENTIFIER = funderDevelopment.LifeIsAGameTests;
				PRODUCT_NAME = "$(TARGET_NAME)";
				TEST_HOST = "$(BUILT_PRODUCTS_DIR)/LifeIsAGame.app/LifeIsAGame";
			};
			name = Release;
		};
		B1F100361BDF3F2300F8CA91 /* Debug */ = {
			isa = XCBuildConfiguration;
			buildSettings = {
				INFOPLIST_FILE = LifeIsAGameUITests/Info.plist;
				LD_RUNPATH_SEARCH_PATHS = "$(inherited) @executable_path/Frameworks @loader_path/Frameworks";
				PRODUCT_BUNDLE_IDENTIFIER = funderDevelopment.LifeIsAGameUITests;
				PRODUCT_NAME = "$(TARGET_NAME)";
				TEST_TARGET_NAME = LifeIsAGame;
				USES_XCTRUNNER = YES;
			};
			name = Debug;
		};
		B1F100371BDF3F2300F8CA91 /* Release */ = {
			isa = XCBuildConfiguration;
			buildSettings = {
				INFOPLIST_FILE = LifeIsAGameUITests/Info.plist;
				LD_RUNPATH_SEARCH_PATHS = "$(inherited) @executable_path/Frameworks @loader_path/Frameworks";
				PRODUCT_BUNDLE_IDENTIFIER = funderDevelopment.LifeIsAGameUITests;
				PRODUCT_NAME = "$(TARGET_NAME)";
				TEST_TARGET_NAME = LifeIsAGame;
				USES_XCTRUNNER = YES;
			};
			name = Release;
		};
/* End XCBuildConfiguration section */

/* Begin XCConfigurationList section */
		B1F1002F1BDF3F2300F8CA91 /* Build configuration list for PBXNativeTarget "LifeIsAGame" */ = {
			isa = XCConfigurationList;
			buildConfigurations = (
				B1F100301BDF3F2300F8CA91 /* Debug */,
				B1F100311BDF3F2300F8CA91 /* Release */,
			);
			defaultConfigurationIsVisible = 0;
			defaultConfigurationName = Release;
		};
		B1F100321BDF3F2300F8CA91 /* Build configuration list for PBXNativeTarget "LifeIsAGameTests" */ = {
			isa = XCConfigurationList;
			buildConfigurations = (
				B1F100331BDF3F2300F8CA91 /* Debug */,
				B1F100341BDF3F2300F8CA91 /* Release */,
			);
			defaultConfigurationIsVisible = 0;
			defaultConfigurationName = Release;
		};
		B1F100351BDF3F2300F8CA91 /* Build configuration list for PBXNativeTarget "LifeIsAGameUITests" */ = {
			isa = XCConfigurationList;
			buildConfigurations = (
				B1F100361BDF3F2300F8CA91 /* Debug */,
				B1F100371BDF3F2300F8CA91 /* Release */,
			);
			defaultConfigurationIsVisible = 0;
			defaultConfigurationName = Release;
		};
		B1F1FFFD1BDF3F2300F8CA91 /* Build configuration list for PBXProject "LifeIsAGame" */ = {
			isa = XCConfigurationList;
			buildConfigurations = (
				B1F1002D1BDF3F2300F8CA91 /* Debug */,
				B1F1002E1BDF3F2300F8CA91 /* Release */,
			);
			defaultConfigurationIsVisible = 0;
			defaultConfigurationName = Release;
		};
/* End XCConfigurationList section */
	};
	rootObject = B1F1FFFA1BDF3F2300F8CA91 /* Project object */;
}
